
Microsoft Visual Studio Solution File, Format Version 12.00
# Visual Studio 14
VisualStudioVersion = 14.0.25420.1
MinimumVisualStudioVersion = 10.0.40219.1
Project("{FAE04EC0-301F-11D3-BF4B-00C04F79EFBC}") = "AmphetamineSerializer", "AmphetamineSerializer\AmphetamineSerializer.csproj", "{4D388985-26F2-4EC4-9926-2BA2E926651C}"
EndProject
Project("{FAE04EC0-301F-11D3-BF4B-00C04F79EFBC}") = "AmphetamineSerializer.Common", "AmphetamineSerializer.Common\AmphetamineSerializer.Common.csproj", "{E2E1D44C-D506-4D37-AAC9-A96F65D3D348}"
EndProject
Project("{FAE04EC0-301F-11D3-BF4B-00C04F79EFBC}") = "AmphetamineSerializer.Example", "AmphetamineSerializer.Example\AmphetamineSerializer.Example.csproj", "{FC61C371-E149-4C61-8CB8-7821FB589AF2}"
EndProject
Project("{FAE04EC0-301F-11D3-BF4B-00C04F79EFBC}") = "AmphetamineSerializer.Helpers", "AmphetamineSerializer.Helpers\AmphetamineSerializer.Helpers.csproj", "{BCC10417-C8F1-4E9E-AB4A-1582327427EA}"
EndProject
Project("{FAE04EC0-301F-11D3-BF4B-00C04F79EFBC}") = "AmphetamineSerializer.Interfaces", "AmphetamineSerializer.Interfaces\AmphetamineSerializer.Interfaces.csproj", "{5EB81743-BF16-4C46-B74E-2C846281AF2B}"
EndProject
Project("{FAE04EC0-301F-11D3-BF4B-00C04F79EFBC}") = "AmphetamineSerializer.Tests", "AmphetamineSerializer.Tests\AmphetamineSerializer.Tests.csproj", "{5BC951CC-E55B-4099-B077-CB535162C1D2}"
EndProject
Project("{2150E333-8FDC-42A3-9474-1A3956D46DE8}") = "Sigil", "Sigil", "{43CF4B42-79A9-4D1E-849A-16897E5B5EC0}"
EndProject
Project("{FAE04EC0-301F-11D3-BF4B-00C04F79EFBC}") = "SigilTests", "Sigil\SigilTests\SigilTests.csproj", "{53266E21-FEBB-4155-9937-75B909134D5E}"
EndProject
Project("{2150E333-8FDC-42A3-9474-1A3956D46DE8}") = "Solution Items", "Solution Items", "{8B252003-1909-4EA3-8BD9-2D20341F9143}"
	ProjectSection(SolutionItems) = preProject
		Sigil\global.json = Sigil\global.json
		Sigil\LICENSE.txt = Sigil\LICENSE.txt
		Sigil\NuGet.Config = Sigil\NuGet.Config
		Sigil\README.markdown = Sigil\README.markdown
	EndProjectSection
EndProject
Project("{FAE04EC0-301F-11D3-BF4B-00C04F79EFBC}") = "TestRunner", "Sigil\TestRunner\TestRunner.csproj", "{1FE8362E-A099-4739-9B1F-12ADCF10BA02}"
EndProject
Project("{FAE04EC0-301F-11D3-BF4B-00C04F79EFBC}") = "Sigil NET35", "Sigil\Sigil NET35\Sigil NET35.csproj", "{546A8668-56BF-4F71-A9F9-489B2BA5B5E4}"
EndProject
Project("{FAE04EC0-301F-11D3-BF4B-00C04F79EFBC}") = "Sigil NET40", "Sigil\Sigil NET40\Sigil NET40.csproj", "{D422375C-6C71-4569-A63E-3FA875070BB3}"
EndProject
Project("{FAE04EC0-301F-11D3-BF4B-00C04F79EFBC}") = "Sigil NET30", "Sigil\Sigil NET30\Sigil NET30.csproj", "{5A3ECA06-60D3-4AF1-B65B-12CB71514FB6}"
EndProject
Project("{FAE04EC0-301F-11D3-BF4B-00C04F79EFBC}") = "Sigil NET20", "Sigil\Sigil NET20\Sigil NET20.csproj", "{2DBFBF4D-85B9-4785-B77E-F5635B2AE599}"
EndProject
Project("{FAE04EC0-301F-11D3-BF4B-00C04F79EFBC}") = "Sigil NET45", "Sigil\Sigil NET45\Sigil NET45.csproj", "{CC8E294D-E06C-4420-A260-D515D89EC53A}"
EndProject
Project("{FAE04EC0-301F-11D3-BF4B-00C04F79EFBC}") = "AmphetamineSerializer.PerformanceTests", "AmphetamineSerializer.PerformanceTests\AmphetamineSerializer.PerformanceTests.csproj", "{62D99F3C-53FA-4974-B490-00F47B2E4EA6}"
EndProject
Global
	GlobalSection(SolutionConfigurationPlatforms) = preSolution
		Debug|Any CPU = Debug|Any CPU
		Release|Any CPU = Release|Any CPU
	EndGlobalSection
	GlobalSection(ProjectConfigurationPlatforms) = postSolution
		{4D388985-26F2-4EC4-9926-2BA2E926651C}.Debug|Any CPU.ActiveCfg = Debug|Any CPU
		{4D388985-26F2-4EC4-9926-2BA2E926651C}.Debug|Any CPU.Build.0 = Debug|Any CPU
		{4D388985-26F2-4EC4-9926-2BA2E926651C}.Release|Any CPU.ActiveCfg = Release|Any CPU
		{4D388985-26F2-4EC4-9926-2BA2E926651C}.Release|Any CPU.Build.0 = Release|Any CPU
		{E2E1D44C-D506-4D37-AAC9-A96F65D3D348}.Debug|Any CPU.ActiveCfg = Debug|Any CPU
		{E2E1D44C-D506-4D37-AAC9-A96F65D3D348}.Debug|Any CPU.Build.0 = Debug|Any CPU
		{E2E1D44C-D506-4D37-AAC9-A96F65D3D348}.Release|Any CPU.ActiveCfg = Release|Any CPU
		{E2E1D44C-D506-4D37-AAC9-A96F65D3D348}.Release|Any CPU.Build.0 = Release|Any CPU
		{E2E1D44C-D506-4D37-AAC9-A96F65D3D348}.Release|Any CPU.Deploy.0 = Release|Any CPU
		{FC61C371-E149-4C61-8CB8-7821FB589AF2}.Debug|Any CPU.ActiveCfg = Debug|Any CPU
		{FC61C371-E149-4C61-8CB8-7821FB589AF2}.Debug|Any CPU.Build.0 = Debug|Any CPU
		{FC61C371-E149-4C61-8CB8-7821FB589AF2}.Release|Any CPU.ActiveCfg = Release|Any CPU
		{FC61C371-E149-4C61-8CB8-7821FB589AF2}.Release|Any CPU.Build.0 = Release|Any CPU
		{BCC10417-C8F1-4E9E-AB4A-1582327427EA}.Debug|Any CPU.ActiveCfg = Debug|Any CPU
		{BCC10417-C8F1-4E9E-AB4A-1582327427EA}.Debug|Any CPU.Build.0 = Debug|Any CPU
		{BCC10417-C8F1-4E9E-AB4A-1582327427EA}.Release|Any CPU.ActiveCfg = Release|Any CPU
		{BCC10417-C8F1-4E9E-AB4A-1582327427EA}.Release|Any CPU.Build.0 = Release|Any CPU
		{5EB81743-BF16-4C46-B74E-2C846281AF2B}.Debug|Any CPU.ActiveCfg = Debug|Any CPU
		{5EB81743-BF16-4C46-B74E-2C846281AF2B}.Debug|Any CPU.Build.0 = Debug|Any CPU
		{5EB81743-BF16-4C46-B74E-2C846281AF2B}.Release|Any CPU.ActiveCfg = Release|Any CPU
		{5EB81743-BF16-4C46-B74E-2C846281AF2B}.Release|Any CPU.Build.0 = Release|Any CPU
		{5BC951CC-E55B-4099-B077-CB535162C1D2}.Debug|Any CPU.ActiveCfg = Debug|Any CPU
		{5BC951CC-E55B-4099-B077-CB535162C1D2}.Debug|Any CPU.Build.0 = Debug|Any CPU
		{5BC951CC-E55B-4099-B077-CB535162C1D2}.Release|Any CPU.ActiveCfg = Release|Any CPU
		{5BC951CC-E55B-4099-B077-CB535162C1D2}.Release|Any CPU.Build.0 = Release|Any CPU
		{53266E21-FEBB-4155-9937-75B909134D5E}.Debug|Any CPU.ActiveCfg = Debug|Any CPU
		{53266E21-FEBB-4155-9937-75B909134D5E}.Release|Any CPU.ActiveCfg = Release|Any CPU
		{1FE8362E-A099-4739-9B1F-12ADCF10BA02}.Debug|Any CPU.ActiveCfg = Debug|Any CPU
		{1FE8362E-A099-4739-9B1F-12ADCF10BA02}.Release|Any CPU.ActiveCfg = Release|Any CPU
		{546A8668-56BF-4F71-A9F9-489B2BA5B5E4}.Debug|Any CPU.ActiveCfg = Debug|Any CPU
		{546A8668-56BF-4F71-A9F9-489B2BA5B5E4}.Release|Any CPU.ActiveCfg = Release|Any CPU
		{D422375C-6C71-4569-A63E-3FA875070BB3}.Debug|Any CPU.ActiveCfg = Debug|Any CPU
		{D422375C-6C71-4569-A63E-3FA875070BB3}.Release|Any CPU.ActiveCfg = Release|Any CPU
		{5A3ECA06-60D3-4AF1-B65B-12CB71514FB6}.Debug|Any CPU.ActiveCfg = Debug|Any CPU
		{5A3ECA06-60D3-4AF1-B65B-12CB71514FB6}.Release|Any CPU.ActiveCfg = Release|Any CPU
		{2DBFBF4D-85B9-4785-B77E-F5635B2AE599}.Debug|Any CPU.ActiveCfg = Debug|Any CPU
		{2DBFBF4D-85B9-4785-B77E-F5635B2AE599}.Release|Any CPU.ActiveCfg = Release|Any CPU
		{CC8E294D-E06C-4420-A260-D515D89EC53A}.Debug|Any CPU.ActiveCfg = Debug|Any CPU
		{CC8E294D-E06C-4420-A260-D515D89EC53A}.Debug|Any CPU.Build.0 = Debug|Any CPU
		{CC8E294D-E06C-4420-A260-D515D89EC53A}.Release|Any CPU.ActiveCfg = Release|Any CPU
		{CC8E294D-E06C-4420-A260-D515D89EC53A}.Release|Any CPU.Build.0 = Release|Any CPU
		{62D99F3C-53FA-4974-B490-00F47B2E4EA6}.Debug|Any CPU.ActiveCfg = Debug|Any CPU
		{62D99F3C-53FA-4974-B490-00F47B2E4EA6}.Debug|Any CPU.Build.0 = Debug|Any CPU
		{62D99F3C-53FA-4974-B490-00F47B2E4EA6}.Release|Any CPU.ActiveCfg = Release|Any CPU
		{62D99F3C-53FA-4974-B490-00F47B2E4EA6}.Release|Any CPU.Build.0 = Release|Any CPU
	EndGlobalSection
	GlobalSection(SolutionProperties) = preSolution
		HideSolutionNode = FALSE
	EndGlobalSection
	GlobalSection(NestedProjects) = preSolution
		{53266E21-FEBB-4155-9937-75B909134D5E} = {43CF4B42-79A9-4D1E-849A-16897E5B5EC0}
		{8B252003-1909-4EA3-8BD9-2D20341F9143} = {43CF4B42-79A9-4D1E-849A-16897E5B5EC0}
		{1FE8362E-A099-4739-9B1F-12ADCF10BA02} = {43CF4B42-79A9-4D1E-849A-16897E5B5EC0}
		{546A8668-56BF-4F71-A9F9-489B2BA5B5E4} = {43CF4B42-79A9-4D1E-849A-16897E5B5EC0}
		{D422375C-6C71-4569-A63E-3FA875070BB3} = {43CF4B42-79A9-4D1E-849A-16897E5B5EC0}
		{5A3ECA06-60D3-4AF1-B65B-12CB71514FB6} = {43CF4B42-79A9-4D1E-849A-16897E5B5EC0}
		{2DBFBF4D-85B9-4785-B77E-F5635B2AE599} = {43CF4B42-79A9-4D1E-849A-16897E5B5EC0}
		{CC8E294D-E06C-4420-A260-D515D89EC53A} = {43CF4B42-79A9-4D1E-849A-16897E5B5EC0}
	EndGlobalSection
EndGlobal
